{
    "hash": "53ea50bbf4727519718838a4265c9b76",
    "packages": [
        {
            "name": "richthegeek/phpsass",
            "version": "dev-master",
            "source": {
                "type": "git",
                "url": "https://github.com/richthegeek/phpsass",
                "reference": "0d4d82dd8d1c4fd172f90f6cc5172ef0a1d9055a"
            },
            "dist": {
                "type": "zip",
                "url": "https://github.com/richthegeek/phpsass/zipball/0d4d82dd8d1c4fd172f90f6cc5172ef0a1d9055a",
                "reference": "0d4d82dd8d1c4fd172f90f6cc5172ef0a1d9055a",
                "shasum": ""
            },
            "time": "1351170132",
            "type": "library",
            "installation-source": "source",
            "autoload": {
                "classmap": [
                    "script/",
                    "renderers/",
                    "tree/",
                    "SassException.php",
                    "SassFile.php",
                    "SassParser.php"
                ]
            },
            "license": [
                "BSD-2-Clause"
            ],
            "authors": [
                {
                    "name": "Richard Lyon",
                    "homepage": "https://github.com/richthegeek"
                },
                {
                    "name": "Sebastian Siemssen",
                    "homepage": "https://twitter.com/thefubhy"
                },
                {
                    "name": "Steve Jones",
                    "homepage": "https://github.com/darthsteven"
                },
                {
                    "name": "Sam Richard",
                    "homepage": "https://github.com/snugug"
                }
            ],
            "description": "PHPSass is a PHP compiler for SASS, a popular CSS pre-processor language.",
            "homepage": "http://phpsass.com"
        }
    ],
    "packages-dev": null,
    "aliases": [

    ],
    "minimum-stability": "stable",
    "stability-flags": {
        "richthegeek/phpsass": 20
    }
}
